{
  "requires": true,
  "lockfileVersion": 1,
  "dependencies": {
    "@types/jsonpath-plus": {
      "version": "5.0.1",
      "resolved": "https://registry.npmjs.org/@types/jsonpath-plus/-/jsonpath-plus-5.0.1.tgz",
      "integrity": "sha512-kdhqBgp6Wm5bDAvEg1iX/QQGwt7pfFp7XnGDi/ETuw1BMM6a1n/FwanCemzVocedXvTXJuOX0bPmu/WpMejHTA==",
      "dev": true
    },
    "jsep": {
      "version": "0.3.5",
      "resolved": "https://registry.npmjs.org/jsep/-/jsep-0.3.5.tgz",
      "integrity": "sha512-AoRLBDc6JNnKjNcmonituEABS5bcfqDhQAWWXNTFrqu6nVXBpBAGfcoTGZMFlIrh9FjmE1CQyX9CTNwZrXMMDA==",
      "dev": true
    },
    "jsonpath-plus": {
      "version": "5.0.3",
      "resolved": "https://registry.npmjs.org/jsonpath-plus/-/jsonpath-plus-5.0.3.tgz",
      "integrity": "sha512-RDvpzY21CmKTvEfxuGqQmPqRTuzNOim7L+/TcsdBM8jguI5ok38t0p2eKr9GAsVkazrTyylpMZV/hKSQCWqx9g==",
      "dev": true
    }
  }
}
