# THIS IS AN AUTOGENERATED FILE. DO NOT EDIT THIS FILE DIRECTLY.
# yarn lockfile v1


"@types/jsonpath-plus@^5.0.0":
  version "5.0.1"
  resolved "https://registry.yarnpkg.com/@types/jsonpath-plus/-/jsonpath-plus-5.0.1.tgz#8047c1e3010315640cbf2978417f10028145945c"
  integrity sha512-kdhqBgp6Wm5bDAvEg1iX/QQGwt7pfFp7XnGDi/ETuw1BMM6a1n/FwanCemzVocedXvTXJuOX0bPmu/WpMejHTA==

jsep@^0.3.5:
  version "0.3.5"
  resolved "https://registry.yarnpkg.com/jsep/-/jsep-0.3.5.tgz#3fd79ebd92f6f434e4857d5272aaeef7d948264d"
  integrity sha512-AoRLBDc6JNnKjNcmonituEABS5bcfqDhQAWWXNTFrqu6nVXBpBAGfcoTGZMFlIrh9FjmE1CQyX9CTNwZrXMMDA==

jsonpath-plus@^5.0.3:
  version "5.0.4"
  resolved "https://registry.yarnpkg.com/jsonpath-plus/-/jsonpath-plus-5.0.4.tgz#3b8ce2ea6904ee6c6750ed027fe8df31789b62e3"
  integrity sha512-w3pI3PewtwIrrGRCFvTkCkKu8IrOwjsqoYRxvxuXQjPB0udEtAuBY0B6/SEztsxMmuIHVHGFQ0knVnTCPW9qYw==

typescript@^4.2.3:
  version "4.2.3"
  resolved "https://registry.yarnpkg.com/typescript/-/typescript-4.2.3.tgz#39062d8019912d43726298f09493d598048c1ce3"
  integrity sha512-qOcYwxaByStAWrBf4x0fibwZvMRG+r4cQoTjbPtUlrWjBHbmCAww1i448U0GJ+3cNNEtebDteo/cHOR3xJ4wEw==
